// !$*UTF8*$!
{
	archiveVersion = 1;
	classes = {
	};
	objectVersion = 51;
	objects = {

/* Begin PBXBuildFile section */
		520929142651227F00637600 /* NetworkServiceProtocol.swift in Sources */ = {isa = PBXBuildFile; fileRef = 520929132651227F00637600 /* NetworkServiceProtocol.swift */; };
		52092917265122B900637600 /* NetworkService.swift in Sources */ = {isa = PBXBuildFile; fileRef = 52092916265122B900637600 /* NetworkService.swift */; };
		5209291A2651288300637600 /* RequestError.swift in Sources */ = {isa = PBXBuildFile; fileRef = 520929192651288300637600 /* RequestError.swift */; };
		5209291D265130BF00637600 /* LoginData.swift in Sources */ = {isa = PBXBuildFile; fileRef = 5209291C265130BF00637600 /* LoginData.swift */; };
		5209292526514C7500637600 /* QuizzesResponse.swift in Sources */ = {isa = PBXBuildFile; fileRef = 5209292426514C7500637600 /* QuizzesResponse.swift */; };
		5209292E265154F900637600 /* QuizResult.swift in Sources */ = {isa = PBXBuildFile; fileRef = 5209292D265154F900637600 /* QuizResult.swift */; };
		520929382651828D00637600 /* UITextField+Padding.swift in Sources */ = {isa = PBXBuildFile; fileRef = 520929372651828D00637600 /* UITextField+Padding.swift */; };
		5209293B26518B1300637600 /* ServerResponse.swift in Sources */ = {isa = PBXBuildFile; fileRef = 5209293A26518B1300637600 /* ServerResponse.swift */; };
		5209293F265190DD00637600 /* LeaderboardViewController.swift in Sources */ = {isa = PBXBuildFile; fileRef = 5209293E265190DD00637600 /* LeaderboardViewController.swift */; };
		52092942265193C200637600 /* LeaderboardResult.swift in Sources */ = {isa = PBXBuildFile; fileRef = 52092941265193C200637600 /* LeaderboardResult.swift */; };
		520B2CEA264D6EEA00A61E34 /* SettingsViewController.swift in Sources */ = {isa = PBXBuildFile; fileRef = 520B2CE9264D6EEA00A61E34 /* SettingsViewController.swift */; };
		520B2CEE264D723C00A61E34 /* HomeViewController.swift in Sources */ = {isa = PBXBuildFile; fileRef = 520B2CED264D723C00A61E34 /* HomeViewController.swift */; };
		523FF5F7264D3AD8006C55CF /* QuestionTrackerView.swift in Sources */ = {isa = PBXBuildFile; fileRef = 523FF5F6264D3AD8006C55CF /* QuestionTrackerView.swift */; };
		523FFF1F26260C6200813AAE /* Quiz.swift in Sources */ = {isa = PBXBuildFile; fileRef = 523FFF1C26260C6200813AAE /* Quiz.swift */; };
		523FFF2026260C6200813AAE /* Question.swift in Sources */ = {isa = PBXBuildFile; fileRef = 523FFF1D26260C6200813AAE /* Question.swift */; };
		523FFF2126260C6200813AAE /* QuizCategory.swift in Sources */ = {isa = PBXBuildFile; fileRef = 523FFF1E26260C6200813AAE /* QuizCategory.swift */; };
		523FFF2226260C6200813AAE /* LoginStatus.swift in Sources */ = {isa = PBXBuildFile; fileRef = 523FFF1B26260C6200813AAE /* LoginStatus.swift */; };
		523FFF2E262631EC00813AAE /* QuizzesViewController.swift in Sources */ = {isa = PBXBuildFile; fileRef = 523FFF2D262631EC00813AAE /* QuizzesViewController.swift */; };
		527AE2922645539600C23283 /* AppRouter.swift in Sources */ = {isa = PBXBuildFile; fileRef = 527AE2912645539600C23283 /* AppRouter.swift */; };
		527AE29526455B1700C23283 /* QuizViewController.swift in Sources */ = {isa = PBXBuildFile; fileRef = 527AE29426455B1700C23283 /* QuizViewController.swift */; };
		5294A444264D53780000FE74 /* QuestionViewController.swift in Sources */ = {isa = PBXBuildFile; fileRef = 5294A443264D53780000FE74 /* QuestionViewController.swift */; };
		5294A44A264D54580000FE74 /* QuestionPageViewController.swift in Sources */ = {isa = PBXBuildFile; fileRef = 5294A449264D54580000FE74 /* QuestionPageViewController.swift */; };
		5294A44D264D60640000FE74 /* QuizResultsViewController.swift in Sources */ = {isa = PBXBuildFile; fileRef = 5294A44C264D60640000FE74 /* QuizResultsViewController.swift */; };
		52FFDE93261DCA290093D775 /* AppDelegate.swift in Sources */ = {isa = PBXBuildFile; fileRef = 52FFDE92261DCA290093D775 /* AppDelegate.swift */; };
		52FFDE95261DCA290093D775 /* SceneDelegate.swift in Sources */ = {isa = PBXBuildFile; fileRef = 52FFDE94261DCA290093D775 /* SceneDelegate.swift */; };
		52FFDE9C261DCA2B0093D775 /* Assets.xcassets in Resources */ = {isa = PBXBuildFile; fileRef = 52FFDE9B261DCA2B0093D775 /* Assets.xcassets */; };
		52FFDE9F261DCA2B0093D775 /* LaunchScreen.storyboard in Resources */ = {isa = PBXBuildFile; fileRef = 52FFDE9D261DCA2B0093D775 /* LaunchScreen.storyboard */; };
		52FFDEC9262608820093D775 /* LoginViewController.swift in Sources */ = {isa = PBXBuildFile; fileRef = 52FFDEC8262608820093D775 /* LoginViewController.swift */; };
		6522FB1796CA58294A4414EB /* Pods_QuizApp.framework in Frameworks */ = {isa = PBXBuildFile; fileRef = 4D23ABD29A4AFBD9794DC2AD /* Pods_QuizApp.framework */; };
/* End PBXBuildFile section */

/* Begin PBXFileReference section */
		29F0E2E0670E05971A4DA84B /* Pods-QuizApp.release.xcconfig */ = {isa = PBXFileReference; includeInIndex = 1; lastKnownFileType = text.xcconfig; name = "Pods-QuizApp.release.xcconfig"; path = "Target Support Files/Pods-QuizApp/Pods-QuizApp.release.xcconfig"; sourceTree = "<group>"; };
		4D23ABD29A4AFBD9794DC2AD /* Pods_QuizApp.framework */ = {isa = PBXFileReference; explicitFileType = wrapper.framework; includeInIndex = 0; path = Pods_QuizApp.framework; sourceTree = BUILT_PRODUCTS_DIR; };
		520929132651227F00637600 /* NetworkServiceProtocol.swift */ = {isa = PBXFileReference; lastKnownFileType = sourcecode.swift; path = NetworkServiceProtocol.swift; sourceTree = "<group>"; };
		52092916265122B900637600 /* NetworkService.swift */ = {isa = PBXFileReference; lastKnownFileType = sourcecode.swift; path = NetworkService.swift; sourceTree = "<group>"; };
		520929192651288300637600 /* RequestError.swift */ = {isa = PBXFileReference; lastKnownFileType = sourcecode.swift; path = RequestError.swift; sourceTree = "<group>"; };
		5209291C265130BF00637600 /* LoginData.swift */ = {isa = PBXFileReference; lastKnownFileType = sourcecode.swift; path = LoginData.swift; sourceTree = "<group>"; };
		5209292426514C7500637600 /* QuizzesResponse.swift */ = {isa = PBXFileReference; lastKnownFileType = sourcecode.swift; path = QuizzesResponse.swift; sourceTree = "<group>"; };
		5209292D265154F900637600 /* QuizResult.swift */ = {isa = PBXFileReference; lastKnownFileType = sourcecode.swift; path = QuizResult.swift; sourceTree = "<group>"; };
		520929372651828D00637600 /* UITextField+Padding.swift */ = {isa = PBXFileReference; lastKnownFileType = sourcecode.swift; path = "UITextField+Padding.swift"; sourceTree = "<group>"; };
		5209293A26518B1300637600 /* ServerResponse.swift */ = {isa = PBXFileReference; lastKnownFileType = sourcecode.swift; path = ServerResponse.swift; sourceTree = "<group>"; };
		5209293E265190DD00637600 /* LeaderboardViewController.swift */ = {isa = PBXFileReference; lastKnownFileType = sourcecode.swift; path = LeaderboardViewController.swift; sourceTree = "<group>"; };
		52092941265193C200637600 /* LeaderboardResult.swift */ = {isa = PBXFileReference; lastKnownFileType = sourcecode.swift; path = LeaderboardResult.swift; sourceTree = "<group>"; };
		520B2CE9264D6EEA00A61E34 /* SettingsViewController.swift */ = {isa = PBXFileReference; lastKnownFileType = sourcecode.swift; path = SettingsViewController.swift; sourceTree = "<group>"; };
		520B2CED264D723C00A61E34 /* HomeViewController.swift */ = {isa = PBXFileReference; lastKnownFileType = sourcecode.swift; path = HomeViewController.swift; sourceTree = "<group>"; };
		523FF5F6264D3AD8006C55CF /* QuestionTrackerView.swift */ = {isa = PBXFileReference; fileEncoding = 4; lastKnownFileType = sourcecode.swift; path = QuestionTrackerView.swift; sourceTree = "<group>"; };
		523FFF1B26260C6200813AAE /* LoginStatus.swift */ = {isa = PBXFileReference; lastKnownFileType = sourcecode.swift; path = LoginStatus.swift; sourceTree = "<group>"; };
		523FFF1C26260C6200813AAE /* Quiz.swift */ = {isa = PBXFileReference; lastKnownFileType = sourcecode.swift; path = Quiz.swift; sourceTree = "<group>"; };
		523FFF1D26260C6200813AAE /* Question.swift */ = {isa = PBXFileReference; lastKnownFileType = sourcecode.swift; path = Question.swift; sourceTree = "<group>"; };
		523FFF1E26260C6200813AAE /* QuizCategory.swift */ = {isa = PBXFileReference; lastKnownFileType = sourcecode.swift; path = QuizCategory.swift; sourceTree = "<group>"; };
		523FFF2D262631EC00813AAE /* QuizzesViewController.swift */ = {isa = PBXFileReference; lastKnownFileType = sourcecode.swift; path = QuizzesViewController.swift; sourceTree = "<group>"; };
		527AE2912645539600C23283 /* AppRouter.swift */ = {isa = PBXFileReference; lastKnownFileType = sourcecode.swift; path = AppRouter.swift; sourceTree = "<group>"; };
		527AE29426455B1700C23283 /* QuizViewController.swift */ = {isa = PBXFileReference; lastKnownFileType = sourcecode.swift; path = QuizViewController.swift; sourceTree = "<group>"; };
		5294A443264D53780000FE74 /* QuestionViewController.swift */ = {isa = PBXFileReference; lastKnownFileType = sourcecode.swift; path = QuestionViewController.swift; sourceTree = "<group>"; };
		5294A449264D54580000FE74 /* QuestionPageViewController.swift */ = {isa = PBXFileReference; lastKnownFileType = sourcecode.swift; path = QuestionPageViewController.swift; sourceTree = "<group>"; };
		5294A44C264D60640000FE74 /* QuizResultsViewController.swift */ = {isa = PBXFileReference; lastKnownFileType = sourcecode.swift; path = QuizResultsViewController.swift; sourceTree = "<group>"; };
		52FFDE8F261DCA290093D775 /* QuizApp.app */ = {isa = PBXFileReference; explicitFileType = wrapper.application; includeInIndex = 0; path = QuizApp.app; sourceTree = BUILT_PRODUCTS_DIR; };
		52FFDE92261DCA290093D775 /* AppDelegate.swift */ = {isa = PBXFileReference; lastKnownFileType = sourcecode.swift; path = AppDelegate.swift; sourceTree = "<group>"; };
		52FFDE94261DCA290093D775 /* SceneDelegate.swift */ = {isa = PBXFileReference; lastKnownFileType = sourcecode.swift; path = SceneDelegate.swift; sourceTree = "<group>"; };
		52FFDE9B261DCA2B0093D775 /* Assets.xcassets */ = {isa = PBXFileReference; lastKnownFileType = folder.assetcatalog; path = Assets.xcassets; sourceTree = "<group>"; };
		52FFDE9E261DCA2B0093D775 /* Base */ = {isa = PBXFileReference; lastKnownFileType = file.storyboard; name = Base; path = Base.lproj/LaunchScreen.storyboard; sourceTree = "<group>"; };
		52FFDEA0261DCA2B0093D775 /* Info.plist */ = {isa = PBXFileReference; lastKnownFileType = text.plist.xml; path = Info.plist; sourceTree = "<group>"; };
		52FFDEC8262608820093D775 /* LoginViewController.swift */ = {isa = PBXFileReference; lastKnownFileType = sourcecode.swift; path = LoginViewController.swift; sourceTree = "<group>"; };
		551D349FEA74F41297720716 /* Pods-QuizApp.debug.xcconfig */ = {isa = PBXFileReference; includeInIndex = 1; lastKnownFileType = text.xcconfig; name = "Pods-QuizApp.debug.xcconfig"; path = "Target Support Files/Pods-QuizApp/Pods-QuizApp.debug.xcconfig"; sourceTree = "<group>"; };
/* End PBXFileReference section */

/* Begin PBXFrameworksBuildPhase section */
		52FFDE8C261DCA290093D775 /* Frameworks */ = {
			isa = PBXFrameworksBuildPhase;
			buildActionMask = 2147483647;
			files = (
				6522FB1796CA58294A4414EB /* Pods_QuizApp.framework in Frameworks */,
			);
			runOnlyForDeploymentPostprocessing = 0;
		};
/* End PBXFrameworksBuildPhase section */

/* Begin PBXGroup section */
		5209292326514C5700637600 /* APIObjects */ = {
			isa = PBXGroup;
			children = (
				5209291C265130BF00637600 /* LoginData.swift */,
				5209293A26518B1300637600 /* ServerResponse.swift */,
				5209292426514C7500637600 /* QuizzesResponse.swift */,
				5209292D265154F900637600 /* QuizResult.swift */,
				52092941265193C200637600 /* LeaderboardResult.swift */,
			);
			path = APIObjects;
			sourceTree = "<group>";
		};
		523FFF2526260CA700813AAE /* Model */ = {
			isa = PBXGroup;
			children = (
				523FFF1B26260C6200813AAE /* LoginStatus.swift */,
				523FFF1D26260C6200813AAE /* Question.swift */,
				523FFF1C26260C6200813AAE /* Quiz.swift */,
				523FFF1E26260C6200813AAE /* QuizCategory.swift */,
			);
			path = Model;
			sourceTree = "<group>";
		};
		52FFDE86261DCA290093D775 = {
			isa = PBXGroup;
			children = (
				52FFDE91261DCA290093D775 /* QuizApp */,
				52FFDE90261DCA290093D775 /* Products */,
				C0FDA4DCAA540787555C4475 /* Pods */,
				CB291CAEA26CBE3D79AA1382 /* Frameworks */,
			);
			sourceTree = "<group>";
		};
		52FFDE90261DCA290093D775 /* Products */ = {
			isa = PBXGroup;
			children = (
				52FFDE8F261DCA290093D775 /* QuizApp.app */,
			);
			name = Products;
			sourceTree = "<group>";
		};
		52FFDE91261DCA290093D775 /* QuizApp */ = {
			isa = PBXGroup;
			children = (
				52FFDE92261DCA290093D775 /* AppDelegate.swift */,
				52FFDE94261DCA290093D775 /* SceneDelegate.swift */,
				527AE2912645539600C23283 /* AppRouter.swift */,
				52FFDEC8262608820093D775 /* LoginViewController.swift */,
				523FFF2D262631EC00813AAE /* QuizzesViewController.swift */,
				527AE29426455B1700C23283 /* QuizViewController.swift */,
				523FF5F6264D3AD8006C55CF /* QuestionTrackerView.swift */,
				5294A449264D54580000FE74 /* QuestionPageViewController.swift */,
				5294A443264D53780000FE74 /* QuestionViewController.swift */,
				5294A44C264D60640000FE74 /* QuizResultsViewController.swift */,
				5209293E265190DD00637600 /* LeaderboardViewController.swift */,
				520B2CE9264D6EEA00A61E34 /* SettingsViewController.swift */,
				520B2CED264D723C00A61E34 /* HomeViewController.swift */,
				520929372651828D00637600 /* UITextField+Padding.swift */,
				523FFF2526260CA700813AAE /* Model */,
				520929132651227F00637600 /* NetworkServiceProtocol.swift */,
				52092916265122B900637600 /* NetworkService.swift */,
				5209292326514C5700637600 /* APIObjects */,
				520929192651288300637600 /* RequestError.swift */,
				52FFDE9B261DCA2B0093D775 /* Assets.xcassets */,
				52FFDE9D261DCA2B0093D775 /* LaunchScreen.storyboard */,
				52FFDEA0261DCA2B0093D775 /* Info.plist */,
			);
			path = QuizApp;
			sourceTree = "<group>";
		};
		C0FDA4DCAA540787555C4475 /* Pods */ = {
			isa = PBXGroup;
			children = (
				551D349FEA74F41297720716 /* Pods-QuizApp.debug.xcconfig */,
				29F0E2E0670E05971A4DA84B /* Pods-QuizApp.release.xcconfig */,
			);
			path = Pods;
			sourceTree = "<group>";
		};
		CB291CAEA26CBE3D79AA1382 /* Frameworks */ = {
			isa = PBXGroup;
			children = (
				4D23ABD29A4AFBD9794DC2AD /* Pods_QuizApp.framework */,
			);
			name = Frameworks;
			sourceTree = "<group>";
		};
/* End PBXGroup section */

/* Begin PBXNativeTarget section */
		52FFDE8E261DCA290093D775 /* QuizApp */ = {
			isa = PBXNativeTarget;
			buildConfigurationList = 52FFDEA3261DCA2B0093D775 /* Build configuration list for PBXNativeTarget "QuizApp" */;
			buildPhases = (
				77566005290F6CC89E04712E /* [CP] Check Pods Manifest.lock */,
				52FFDE8B261DCA290093D775 /* Sources */,
				52FFDE8C261DCA290093D775 /* Frameworks */,
				52FFDE8D261DCA290093D775 /* Resources */,
				3AF64F671F335C021889F47C /* [CP] Embed Pods Frameworks */,
			);
			buildRules = (
			);
			dependencies = (
			);
			name = QuizApp;
			productName = QuizApp;
			productReference = 52FFDE8F261DCA290093D775 /* QuizApp.app */;
			productType = "com.apple.product-type.application";
		};
/* End PBXNativeTarget section */

/* Begin PBXProject section */
		52FFDE87261DCA290093D775 /* Project object */ = {
			isa = PBXProject;
			attributes = {
				LastSwiftUpdateCheck = 1240;
				LastUpgradeCheck = 1240;
				TargetAttributes = {
					52FFDE8E261DCA290093D775 = {
						CreatedOnToolsVersion = 12.4;
					};
				};
			};
			buildConfigurationList = 52FFDE8A261DCA290093D775 /* Build configuration list for PBXProject "QuizApp" */;
			compatibilityVersion = "Xcode 9.3";
			developmentRegion = en;
			hasScannedForEncodings = 0;
			knownRegions = (
				en,
				Base,
			);
			mainGroup = 52FFDE86261DCA290093D775;
			productRefGroup = 52FFDE90261DCA290093D775 /* Products */;
			projectDirPath = "";
			projectRoot = "";
			targets = (
				52FFDE8E261DCA290093D775 /* QuizApp */,
			);
		};
/* End PBXProject section */

/* Begin PBXResourcesBuildPhase section */
		52FFDE8D261DCA290093D775 /* Resources */ = {
			isa = PBXResourcesBuildPhase;
			buildActionMask = 2147483647;
			files = (
				52FFDE9F261DCA2B0093D775 /* LaunchScreen.storyboard in Resources */,
				52FFDE9C261DCA2B0093D775 /* Assets.xcassets in Resources */,
			);
			runOnlyForDeploymentPostprocessing = 0;
		};
/* End PBXResourcesBuildPhase section */

/* Begin PBXShellScriptBuildPhase section */
		3AF64F671F335C021889F47C /* [CP] Embed Pods Frameworks */ = {
			isa = PBXShellScriptBuildPhase;
			buildActionMask = 2147483647;
			files = (
			);
			inputFileListPaths = (
				"${PODS_ROOT}/Target Support Files/Pods-QuizApp/Pods-QuizApp-frameworks-${CONFIGURATION}-input-files.xcfilelist",
			);
			name = "[CP] Embed Pods Frameworks";
			outputFileListPaths = (
				"${PODS_ROOT}/Target Support Files/Pods-QuizApp/Pods-QuizApp-frameworks-${CONFIGURATION}-output-files.xcfilelist",
			);
			runOnlyForDeploymentPostprocessing = 0;
			shellPath = /bin/sh;
			shellScript = "\"${PODS_ROOT}/Target Support Files/Pods-QuizApp/Pods-QuizApp-frameworks.sh\"\n";
			showEnvVarsInLog = 0;
		};
		77566005290F6CC89E04712E /* [CP] Check Pods Manifest.lock */ = {
			isa = PBXShellScriptBuildPhase;
			buildActionMask = 2147483647;
			files = (
			);
			inputFileListPaths = (
			);
			inputPaths = (
				"${PODS_PODFILE_DIR_PATH}/Podfile.lock",
				"${PODS_ROOT}/Manifest.lock",
			);
			name = "[CP] Check Pods Manifest.lock";
			outputFileListPaths = (
			);
			outputPaths = (
				"$(DERIVED_FILE_DIR)/Pods-QuizApp-checkManifestLockResult.txt",
			);
			runOnlyForDeploymentPostprocessing = 0;
			shellPath = /bin/sh;
			shellScript = "diff \"${PODS_PODFILE_DIR_PATH}/Podfile.lock\" \"${PODS_ROOT}/Manifest.lock\" > /dev/null\nif [ $? != 0 ] ; then\n    # print error to STDERR\n    echo \"error: The sandbox is not in sync with the Podfile.lock. Run 'pod install' or update your CocoaPods installation.\" >&2\n    exit 1\nfi\n# This output is used by Xcode 'outputs' to avoid re-running this script phase.\necho \"SUCCESS\" > \"${SCRIPT_OUTPUT_FILE_0}\"\n";
			showEnvVarsInLog = 0;
		};
/* End PBXShellScriptBuildPhase section */

/* Begin PBXSourcesBuildPhase section */
		52FFDE8B261DCA290093D775 /* Sources */ = {
			isa = PBXSourcesBuildPhase;
			buildActionMask = 2147483647;
			files = (
				52FFDEC9262608820093D775 /* LoginViewController.swift in Sources */,
				520929382651828D00637600 /* UITextField+Padding.swift in Sources */,
				5209292E265154F900637600 /* QuizResult.swift in Sources */,
				523FFF1F26260C6200813AAE /* Quiz.swift in Sources */,
				5294A44A264D54580000FE74 /* QuestionPageViewController.swift in Sources */,
				5294A44D264D60640000FE74 /* QuizResultsViewController.swift in Sources */,
				520B2CEE264D723C00A61E34 /* HomeViewController.swift in Sources */,
				5209293F265190DD00637600 /* LeaderboardViewController.swift in Sources */,
				52092942265193C200637600 /* LeaderboardResult.swift in Sources */,
				527AE29526455B1700C23283 /* QuizViewController.swift in Sources */,
				52FFDE93261DCA290093D775 /* AppDelegate.swift in Sources */,
				523FFF2E262631EC00813AAE /* QuizzesViewController.swift in Sources */,
				523FFF2126260C6200813AAE /* QuizCategory.swift in Sources */,
				52092917265122B900637600 /* NetworkService.swift in Sources */,
				5294A444264D53780000FE74 /* QuestionViewController.swift in Sources */,
				5209293B26518B1300637600 /* ServerResponse.swift in Sources */,
				52FFDE95261DCA290093D775 /* SceneDelegate.swift in Sources */,
				527AE2922645539600C23283 /* AppRouter.swift in Sources */,
				5209291A2651288300637600 /* RequestError.swift in Sources */,
				520B2CEA264D6EEA00A61E34 /* SettingsViewController.swift in Sources */,
				523FF5F7264D3AD8006C55CF /* QuestionTrackerView.swift in Sources */,
				520929142651227F00637600 /* NetworkServiceProtocol.swift in Sources */,
				523FFF2026260C6200813AAE /* Question.swift in Sources */,
				523FFF2226260C6200813AAE /* LoginStatus.swift in Sources */,
				5209292526514C7500637600 /* QuizzesResponse.swift in Sources */,
				5209291D265130BF00637600 /* LoginData.swift in Sources */,
			);
			runOnlyForDeploymentPostprocessing = 0;
		};
/* End PBXSourcesBuildPhase section */

/* Begin PBXVariantGroup section */
		52FFDE9D261DCA2B0093D775 /* LaunchScreen.storyboard */ = {
			isa = PBXVariantGroup;
			children = (
				52FFDE9E261DCA2B0093D775 /* Base */,
			);
			name = LaunchScreen.storyboard;
			sourceTree = "<group>";
		};
/* End PBXVariantGroup section */

/* Begin XCBuildConfiguration section */
		52FFDEA1261DCA2B0093D775 /* Debug */ = {
			isa = XCBuildConfiguration;
			buildSettings = {
				ALWAYS_SEARCH_USER_PATHS = NO;
				CLANG_ANALYZER_NONNULL = YES;
				CLANG_ANALYZER_NUMBER_OBJECT_CONVERSION = YES_AGGRESSIVE;
				CLANG_CXX_LANGUAGE_STANDARD = "gnu++14";
				CLANG_CXX_LIBRARY = "libc++";
				CLANG_ENABLE_MODULES = YES;
				CLANG_ENABLE_OBJC_ARC = YES;
				CLANG_ENABLE_OBJC_WEAK = YES;
				CLANG_WARN_BLOCK_CAPTURE_AUTORELEASING = YES;
				CLANG_WARN_BOOL_CONVERSION = YES;
				CLANG_WARN_COMMA = YES;
				CLANG_WARN_CONSTANT_CONVERSION = YES;
				CLANG_WARN_DEPRECATED_OBJC_IMPLEMENTATIONS = YES;
				CLANG_WARN_DIRECT_OBJC_ISA_USAGE = YES_ERROR;
				CLANG_WARN_DOCUMENTATION_COMMENTS = YES;
				CLANG_WARN_EMPTY_BODY = YES;
				CLANG_WARN_ENUM_CONVERSION = YES;
				CLANG_WARN_INFINITE_RECURSION = YES;
				CLANG_WARN_INT_CONVERSION = YES;
				CLANG_WARN_NON_LITERAL_NULL_CONVERSION = YES;
				CLANG_WARN_OBJC_IMPLICIT_RETAIN_SELF = YES;
				CLANG_WARN_OBJC_LITERAL_CONVERSION = YES;
				CLANG_WARN_OBJC_ROOT_CLASS = YES_ERROR;
				CLANG_WARN_QUOTED_INCLUDE_IN_FRAMEWORK_HEADER = YES;
				CLANG_WARN_RANGE_LOOP_ANALYSIS = YES;
				CLANG_WARN_STRICT_PROTOTYPES = YES;
				CLANG_WARN_SUSPICIOUS_MOVE = YES;
				CLANG_WARN_UNGUARDED_AVAILABILITY = YES_AGGRESSIVE;
				CLANG_WARN_UNREACHABLE_CODE = YES;
				CLANG_WARN__DUPLICATE_METHOD_MATCH = YES;
				COPY_PHASE_STRIP = NO;
				DEBUG_INFORMATION_FORMAT = dwarf;
				ENABLE_STRICT_OBJC_MSGSEND = YES;
				ENABLE_TESTABILITY = YES;
				GCC_C_LANGUAGE_STANDARD = gnu11;
				GCC_DYNAMIC_NO_PIC = NO;
				GCC_NO_COMMON_BLOCKS = YES;
				GCC_OPTIMIZATION_LEVEL = 0;
				GCC_PREPROCESSOR_DEFINITIONS = (
					"DEBUG=1",
					"$(inherited)",
				);
				GCC_WARN_64_TO_32_BIT_CONVERSION = YES;
				GCC_WARN_ABOUT_RETURN_TYPE = YES_ERROR;
				GCC_WARN_UNDECLARED_SELECTOR = YES;
				GCC_WARN_UNINITIALIZED_AUTOS = YES_AGGRESSIVE;
				GCC_WARN_UNUSED_FUNCTION = YES;
				GCC_WARN_UNUSED_VARIABLE = YES;
				IPHONEOS_DEPLOYMENT_TARGET = 14.4;
				MTL_ENABLE_DEBUG_INFO = INCLUDE_SOURCE;
				MTL_FAST_MATH = YES;
				ONLY_ACTIVE_ARCH = YES;
				SDKROOT = iphoneos;
				SWIFT_ACTIVE_COMPILATION_CONDITIONS = DEBUG;
				SWIFT_OPTIMIZATION_LEVEL = "-Onone";
			};
			name = Debug;
		};
		52FFDEA2261DCA2B0093D775 /* Release */ = {
			isa = XCBuildConfiguration;
			buildSettings = {
				ALWAYS_SEARCH_USER_PATHS = NO;
				CLANG_ANALYZER_NONNULL = YES;
				CLANG_ANALYZER_NUMBER_OBJECT_CONVERSION = YES_AGGRESSIVE;
				CLANG_CXX_LANGUAGE_STANDARD = "gnu++14";
				CLANG_CXX_LIBRARY = "libc++";
				CLANG_ENABLE_MODULES = YES;
				CLANG_ENABLE_OBJC_ARC = YES;
				CLANG_ENABLE_OBJC_WEAK = YES;
				CLANG_WARN_BLOCK_CAPTURE_AUTORELEASING = YES;
				CLANG_WARN_BOOL_CONVERSION = YES;
				CLANG_WARN_COMMA = YES;
				CLANG_WARN_CONSTANT_CONVERSION = YES;
				CLANG_WARN_DEPRECATED_OBJC_IMPLEMENTATIONS = YES;
				CLANG_WARN_DIRECT_OBJC_ISA_USAGE = YES_ERROR;
				CLANG_WARN_DOCUMENTATION_COMMENTS = YES;
				CLANG_WARN_EMPTY_BODY = YES;
				CLANG_WARN_ENUM_CONVERSION = YES;
				CLANG_WARN_INFINITE_RECURSION = YES;
				CLANG_WARN_INT_CONVERSION = YES;
				CLANG_WARN_NON_LITERAL_NULL_CONVERSION = YES;
				CLANG_WARN_OBJC_IMPLICIT_RETAIN_SELF = YES;
				CLANG_WARN_OBJC_LITERAL_CONVERSION = YES;
				CLANG_WARN_OBJC_ROOT_CLASS = YES_ERROR;
				CLANG_WARN_QUOTED_INCLUDE_IN_FRAMEWORK_HEADER = YES;
				CLANG_WARN_RANGE_LOOP_ANALYSIS = YES;
				CLANG_WARN_STRICT_PROTOTYPES = YES;
				CLANG_WARN_SUSPICIOUS_MOVE = YES;
				CLANG_WARN_UNGUARDED_AVAILABILITY = YES_AGGRESSIVE;
				CLANG_WARN_UNREACHABLE_CODE = YES;
				CLANG_WARN__DUPLICATE_METHOD_MATCH = YES;
				COPY_PHASE_STRIP = NO;
				DEBUG_INFORMATION_FORMAT = "dwarf-with-dsym";
				ENABLE_NS_ASSERTIONS = NO;
				ENABLE_STRICT_OBJC_MSGSEND = YES;
				GCC_C_LANGUAGE_STANDARD = gnu11;
				GCC_NO_COMMON_BLOCKS = YES;
				GCC_WARN_64_TO_32_BIT_CONVERSION = YES;
				GCC_WARN_ABOUT_RETURN_TYPE = YES_ERROR;
				GCC_WARN_UNDECLARED_SELECTOR = YES;
				GCC_WARN_UNINITIALIZED_AUTOS = YES_AGGRESSIVE;
				GCC_WARN_UNUSED_FUNCTION = YES;
				GCC_WARN_UNUSED_VARIABLE = YES;
				IPHONEOS_DEPLOYMENT_TARGET = 14.4;
				MTL_ENABLE_DEBUG_INFO = NO;
				MTL_FAST_MATH = YES;
				SDKROOT = iphoneos;
				SWIFT_COMPILATION_MODE = wholemodule;
				SWIFT_OPTIMIZATION_LEVEL = "-O";
				VALIDATE_PRODUCT = YES;
			};
			name = Release;
		};
		52FFDEA4261DCA2B0093D775 /* Debug */ = {
			isa = XCBuildConfiguration;
			baseConfigurationReference = 551D349FEA74F41297720716 /* Pods-QuizApp.debug.xcconfig */;
			buildSettings = {
				ASSETCATALOG_COMPILER_APPICON_NAME = AppIcon;
				ASSETCATALOG_COMPILER_GLOBAL_ACCENT_COLOR_NAME = AccentColor;
				CODE_SIGN_STYLE = Automatic;
				INFOPLIST_FILE = QuizApp/Info.plist;
				IPHONEOS_DEPLOYMENT_TARGET = 14.1;
				LD_RUNPATH_SEARCH_PATHS = (
					"$(inherited)",
					"@executable_path/Frameworks",
				);
				PRODUCT_BUNDLE_IDENTIFIER = hr.fer.aradski.igor.QuizApp;
				PRODUCT_NAME = "$(TARGET_NAME)";
				SWIFT_VERSION = 5.0;
				TARGETED_DEVICE_FAMILY = "1,2";
			};
			name = Debug;
		};
		52FFDEA5261DCA2B0093D775 /* Release */ = {
			isa = XCBuildConfiguration;
			baseConfigurationReference = 29F0E2E0670E05971A4DA84B /* Pods-QuizApp.release.xcconfig */;
			buildSettings = {
				ASSETCATALOG_COMPILER_APPICON_NAME = AppIcon;
				ASSETCATALOG_COMPILER_GLOBAL_ACCENT_COLOR_NAME = AccentColor;
				CODE_SIGN_STYLE = Automatic;
				INFOPLIST_FILE = QuizApp/Info.plist;
				IPHONEOS_DEPLOYMENT_TARGET = 14.1;
				LD_RUNPATH_SEARCH_PATHS = (
					"$(inherited)",
					"@executable_path/Frameworks",
				);
				PRODUCT_BUNDLE_IDENTIFIER = hr.fer.aradski.igor.QuizApp;
				PRODUCT_NAME = "$(TARGET_NAME)";
				SWIFT_VERSION = 5.0;
				TARGETED_DEVICE_FAMILY = "1,2";
			};
			name = Release;
		};
/* End XCBuildConfiguration section */

/* Begin XCConfigurationList section */
		52FFDE8A261DCA290093D775 /* Build configuration list for PBXProject "QuizApp" */ = {
			isa = XCConfigurationList;
			buildConfigurations = (
				52FFDEA1261DCA2B0093D775 /* Debug */,
				52FFDEA2261DCA2B0093D775 /* Release */,
			);
			defaultConfigurationIsVisible = 0;
			defaultConfigurationName = Release;
		};
		52FFDEA3261DCA2B0093D775 /* Build configuration list for PBXNativeTarget "QuizApp" */ = {
			isa = XCConfigurationList;
			buildConfigurations = (
				52FFDEA4261DCA2B0093D775 /* Debug */,
				52FFDEA5261DCA2B0093D775 /* Release */,
			);
			defaultConfigurationIsVisible = 0;
			defaultConfigurationName = Release;
		};
/* End XCConfigurationList section */
	};
	rootObject = 52FFDE87261DCA290093D775 /* Project object */;
}
